
Microsoft Visual Studio Solution File, Format Version 12.00
# Visual Studio Version 16
VisualStudioVersion = 16.0.32510.428
MinimumVisualStudioVersion = 10.0.40219.1
Project("{FAE04EC0-301F-11D3-BF4B-00C04F79EFBC}") = "eTickets", "eTickets\eTickets.csproj", "{2C49B32E-7061-4994-AF82-C9D7208DA952}"
EndProject
Global
	GlobalSection(SolutionConfigurationPlatforms) = preSolution
		Debug|Any CPU = Debug|Any CPU
		Release|Any CPU = Release|Any CPU
	EndGlobalSection
	GlobalSection(ProjectConfigurationPlatforms) = postSolution
		{2C49B32E-7061-4994-AF82-C9D7208DA952}.Debug|Any CPU.ActiveCfg = Debug|Any CPU
		{2C49B32E-7061-4994-AF82-C9D7208DA952}.Debug|Any CPU.Build.0 = Debug|Any CPU
		{2C49B32E-7061-4994-AF82-C9D7208DA952}.Release|Any CPU.ActiveCfg = Release|Any CPU
		{2C49B32E-7061-4994-AF82-C9D7208DA952}.Release|Any CPU.Build.0 = Release|Any CPU
	EndGlobalSection
	GlobalSection(SolutionProperties) = preSolution
		HideSolutionNode = FALSE
	EndGlobalSection
	GlobalSection(ExtensibilityGlobals) = postSolution
		SolutionGuid = {0CC941A0-B8E2-4694-982E-C7D66780B997}
	EndGlobalSection
EndGlobal
